
Microsoft Visual Studio Solution File, Format Version 12.00
# Visual Studio Version 17
VisualStudioVersion = 17.5.33516.290
MinimumVisualStudioVersion = 10.0.40219.1
Project("{9A19103F-16F7-4668-BE54-9A1E7A4F7556}") = "Restaurant", "Restaurant.csproj", "{088D96B8-EF6E-4C99-AD40-CAE6FCD4DB25}"
EndProject
Project("{2150E333-8FDC-42A3-9474-1A3956D46DE8}") = "DAL", "DAL", "{ABB9BAC8-6D01-403D-A69E-2C0A169F2C70}"
EndProject
Project("{2150E333-8FDC-42A3-9474-1A3956D46DE8}") = "Domain", "Domain", "{3E2C02F5-F8EB-49B5-BF4B-AAA488C38697}"
EndProject
Project("{2150E333-8FDC-42A3-9474-1A3956D46DE8}") = "Services", "Services", "{D4EA87DB-46F0-4EA9-A441-9A77EDCB2A10}"
EndProject
Project("{9A19103F-16F7-4668-BE54-9A1E7A4F7556}") = "Restaurant.Domain", "..\Restaraunt.Domain\Restaurant.Domain.csproj", "{0C3FE29A-B750-447E-8FDE-6CBBA279CEBB}"
EndProject
Project("{9A19103F-16F7-4668-BE54-9A1E7A4F7556}") = "Restaurant.DAL", "..\Restaraunt.DAL\Restaurant.DAL.csproj", "{EA59D1A9-25D8-43FC-BB7E-4CB68381668A}"
EndProject
Project("{9A19103F-16F7-4668-BE54-9A1E7A4F7556}") = "Restaurant.Services", "..\Restauraunt.Services\Restaurant.Services.csproj", "{BA46880B-0ADA-457C-93E8-213845CA414D}"
EndProject
Project("{2150E333-8FDC-42A3-9474-1A3956D46DE8}") = "Tests", "Tests", "{60FFAC48-5A0D-45BF-9FFA-588BD8D2DB84}"
EndProject
Project("{9A19103F-16F7-4668-BE54-9A1E7A4F7556}") = "Restauraunt.Tests", "..\Restauraunt.Tests\Restauraunt.Tests.csproj", "{EA58D093-AE21-408B-A059-4C6436D9F416}"
EndProject
Project("{2150E333-8FDC-42A3-9474-1A3956D46DE8}") = "Authorization.IdentityServer", "Authorization.IdentityServer", "{5883CACE-7E48-4280-B0DE-308E25C40E0A}"
EndProject
Project("{2150E333-8FDC-42A3-9474-1A3956D46DE8}") = "API", "API", "{4B73A2B0-84BC-498E-9745-F28791990680}"
EndProject
Project("{9A19103F-16F7-4668-BE54-9A1E7A4F7556}") = "MailAPI", "..\MailApi\MailAPI.csproj", "{33EAAACB-3421-46FE-9AFA-3BAB429DCA21}"
EndProject
Project("{9A19103F-16F7-4668-BE54-9A1E7A4F7556}") = "DeliveryAPI", "..\DeliveryAPI\DeliveryAPI.csproj", "{17CC7CDC-B6C5-4945-AEE8-78F02B3ECB5B}"
EndProject
Project("{9A19103F-16F7-4668-BE54-9A1E7A4F7556}") = "Authorization.IdentityServer", "..\Authorization.IdentityServer\Authorization.IdentityServer.csproj", "{03DD4141-7740-48B6-AAC5-14F42406C805}"
EndProject
Global
	GlobalSection(SolutionConfigurationPlatforms) = preSolution
		Debug|Any CPU = Debug|Any CPU
		Release|Any CPU = Release|Any CPU
	EndGlobalSection
	GlobalSection(ProjectConfigurationPlatforms) = postSolution
		{088D96B8-EF6E-4C99-AD40-CAE6FCD4DB25}.Debug|Any CPU.ActiveCfg = Debug|Any CPU
		{088D96B8-EF6E-4C99-AD40-CAE6FCD4DB25}.Debug|Any CPU.Build.0 = Debug|Any CPU
		{088D96B8-EF6E-4C99-AD40-CAE6FCD4DB25}.Release|Any CPU.ActiveCfg = Release|Any CPU
		{088D96B8-EF6E-4C99-AD40-CAE6FCD4DB25}.Release|Any CPU.Build.0 = Release|Any CPU
		{0C3FE29A-B750-447E-8FDE-6CBBA279CEBB}.Debug|Any CPU.ActiveCfg = Debug|Any CPU
		{0C3FE29A-B750-447E-8FDE-6CBBA279CEBB}.Debug|Any CPU.Build.0 = Debug|Any CPU
		{0C3FE29A-B750-447E-8FDE-6CBBA279CEBB}.Release|Any CPU.ActiveCfg = Release|Any CPU
		{0C3FE29A-B750-447E-8FDE-6CBBA279CEBB}.Release|Any CPU.Build.0 = Release|Any CPU
		{EA59D1A9-25D8-43FC-BB7E-4CB68381668A}.Debug|Any CPU.ActiveCfg = Debug|Any CPU
		{EA59D1A9-25D8-43FC-BB7E-4CB68381668A}.Debug|Any CPU.Build.0 = Debug|Any CPU
		{EA59D1A9-25D8-43FC-BB7E-4CB68381668A}.Release|Any CPU.ActiveCfg = Release|Any CPU
		{EA59D1A9-25D8-43FC-BB7E-4CB68381668A}.Release|Any CPU.Build.0 = Release|Any CPU
		{BA46880B-0ADA-457C-93E8-213845CA414D}.Debug|Any CPU.ActiveCfg = Debug|Any CPU
		{BA46880B-0ADA-457C-93E8-213845CA414D}.Debug|Any CPU.Build.0 = Debug|Any CPU
		{BA46880B-0ADA-457C-93E8-213845CA414D}.Release|Any CPU.ActiveCfg = Release|Any CPU
		{BA46880B-0ADA-457C-93E8-213845CA414D}.Release|Any CPU.Build.0 = Release|Any CPU
		{EA58D093-AE21-408B-A059-4C6436D9F416}.Debug|Any CPU.ActiveCfg = Debug|Any CPU
		{EA58D093-AE21-408B-A059-4C6436D9F416}.Debug|Any CPU.Build.0 = Debug|Any CPU
		{EA58D093-AE21-408B-A059-4C6436D9F416}.Release|Any CPU.ActiveCfg = Release|Any CPU
		{EA58D093-AE21-408B-A059-4C6436D9F416}.Release|Any CPU.Build.0 = Release|Any CPU
		{33EAAACB-3421-46FE-9AFA-3BAB429DCA21}.Debug|Any CPU.ActiveCfg = Debug|Any CPU
		{33EAAACB-3421-46FE-9AFA-3BAB429DCA21}.Debug|Any CPU.Build.0 = Debug|Any CPU
		{33EAAACB-3421-46FE-9AFA-3BAB429DCA21}.Release|Any CPU.ActiveCfg = Release|Any CPU
		{33EAAACB-3421-46FE-9AFA-3BAB429DCA21}.Release|Any CPU.Build.0 = Release|Any CPU
		{17CC7CDC-B6C5-4945-AEE8-78F02B3ECB5B}.Debug|Any CPU.ActiveCfg = Debug|Any CPU
		{17CC7CDC-B6C5-4945-AEE8-78F02B3ECB5B}.Debug|Any CPU.Build.0 = Debug|Any CPU
		{17CC7CDC-B6C5-4945-AEE8-78F02B3ECB5B}.Release|Any CPU.ActiveCfg = Release|Any CPU
		{17CC7CDC-B6C5-4945-AEE8-78F02B3ECB5B}.Release|Any CPU.Build.0 = Release|Any CPU
		{03DD4141-7740-48B6-AAC5-14F42406C805}.Debug|Any CPU.ActiveCfg = Debug|Any CPU
		{03DD4141-7740-48B6-AAC5-14F42406C805}.Debug|Any CPU.Build.0 = Debug|Any CPU
		{03DD4141-7740-48B6-AAC5-14F42406C805}.Release|Any CPU.ActiveCfg = Release|Any CPU
		{03DD4141-7740-48B6-AAC5-14F42406C805}.Release|Any CPU.Build.0 = Release|Any CPU
	EndGlobalSection
	GlobalSection(SolutionProperties) = preSolution
		HideSolutionNode = FALSE
	EndGlobalSection
	GlobalSection(NestedProjects) = preSolution
		{0C3FE29A-B750-447E-8FDE-6CBBA279CEBB} = {3E2C02F5-F8EB-49B5-BF4B-AAA488C38697}
		{EA59D1A9-25D8-43FC-BB7E-4CB68381668A} = {ABB9BAC8-6D01-403D-A69E-2C0A169F2C70}
		{BA46880B-0ADA-457C-93E8-213845CA414D} = {D4EA87DB-46F0-4EA9-A441-9A77EDCB2A10}
		{EA58D093-AE21-408B-A059-4C6436D9F416} = {60FFAC48-5A0D-45BF-9FFA-588BD8D2DB84}
		{33EAAACB-3421-46FE-9AFA-3BAB429DCA21} = {4B73A2B0-84BC-498E-9745-F28791990680}
		{17CC7CDC-B6C5-4945-AEE8-78F02B3ECB5B} = {4B73A2B0-84BC-498E-9745-F28791990680}
		{03DD4141-7740-48B6-AAC5-14F42406C805} = {5883CACE-7E48-4280-B0DE-308E25C40E0A}
	EndGlobalSection
	GlobalSection(ExtensibilityGlobals) = postSolution
		SolutionGuid = {887B82FA-E1FC-4AEE-B476-EC57A7516A7B}
	EndGlobalSection
EndGlobal
